
Microsoft Visual Studio Solution File, Format Version 12.00
# Visual Studio Version 17
VisualStudioVersion = 17.14.36408.4 d17.14
MinimumVisualStudioVersion = 10.0.40219.1
Project("{F184B08F-C81C-45F6-A57F-5ABD9991F28F}") = "Proyecto_polirubro", "Proyecto_polirubro\Proyecto_polirubro.vbproj", "{ED1214EB-EFB0-41BE-B94F-7079E8488D5A}"
EndProject
Global
	GlobalSection(SolutionConfigurationPlatforms) = preSolution
		Debug|Any CPU = Debug|Any CPU
		Release|Any CPU = Release|Any CPU
	EndGlobalSection
	GlobalSection(ProjectConfigurationPlatforms) = postSolution
		{ED1214EB-EFB0-41BE-B94F-7079E8488D5A}.Debug|Any CPU.ActiveCfg = Debug|Any CPU
		{ED1214EB-EFB0-41BE-B94F-7079E8488D5A}.Debug|Any CPU.Build.0 = Debug|Any CPU
		{ED1214EB-EFB0-41BE-B94F-7079E8488D5A}.Release|Any CPU.ActiveCfg = Release|Any CPU
		{ED1214EB-EFB0-41BE-B94F-7079E8488D5A}.Release|Any CPU.Build.0 = Release|Any CPU
	EndGlobalSection
	GlobalSection(SolutionProperties) = preSolution
		HideSolutionNode = FALSE
	EndGlobalSection
	GlobalSection(ExtensibilityGlobals) = postSolution
		SolutionGuid = {80DA4795-0A9A-4DF7-99D1-2A0D56BF46B4}
	EndGlobalSection
EndGlobal
