
Microsoft Visual Studio Solution File, Format Version 12.00
# Visual Studio Version 17
VisualStudioVersion = 17.14.36414.22 d17.14
MinimumVisualStudioVersion = 10.0.40219.1
Project("{FAE04EC0-301F-11D3-BF4B-00C04F79EFBC}") = "Market-Club", "Market-Club.csproj", "{08E3781A-6479-4602-91AE-ED35F51A55C6}"
EndProject
Global
	GlobalSection(SolutionConfigurationPlatforms) = preSolution
		Debug|Any CPU = Debug|Any CPU
		Release|Any CPU = Release|Any CPU
	EndGlobalSection
	GlobalSection(ProjectConfigurationPlatforms) = postSolution
		{08E3781A-6479-4602-91AE-ED35F51A55C6}.Debug|Any CPU.ActiveCfg = Debug|Any CPU
		{08E3781A-6479-4602-91AE-ED35F51A55C6}.Debug|Any CPU.Build.0 = Debug|Any CPU
		{08E3781A-6479-4602-91AE-ED35F51A55C6}.Release|Any CPU.ActiveCfg = Release|Any CPU
		{08E3781A-6479-4602-91AE-ED35F51A55C6}.Release|Any CPU.Build.0 = Release|Any CPU
	EndGlobalSection
	GlobalSection(SolutionProperties) = preSolution
		HideSolutionNode = FALSE
	EndGlobalSection
	GlobalSection(ExtensibilityGlobals) = postSolution
		SolutionGuid = {FC019A0C-CB65-4436-A56B-221E29522E77}
	EndGlobalSection
EndGlobal
